dependencies:
- name: interview-common
  repository: file://../../interview-common
  version: 0.1.0
- name: config-server
  repository: file://../../interview-services/config-server
  version: 0.1.0
- name: interview-backend
  repository: file://../../interview-services/interview-backend
  version: 0.1.0
- name: interview-ai-backend
  repository: file://../../interview-services/interview-ai-backend
  version: 0.1.0
- name: notification
  repository: file://../../interview-services/notification
  version: 0.1.0
- name: gateway-server
  repository: file://../../interview-services/gateway-server
  version: 0.1.0
- name: postgresql
  repository: https://charts.bitnami.com/bitnami
  version: 18.1.15
- name: rabbitmq
  repository: https://charts.bitnami.com/bitnami
  version: 16.0.14
- name: redis
  repository: https://charts.bitnami.com/bitnami
  version: 24.1.0
- name: keycloak
  repository: https://charts.bitnami.com/bitnami
  version: 25.2.0
digest: sha256:9e205799aa3a298cbbff42e14091bdb1ccd003636e1e8ea51f5379de9e1a4401
generated: "2025-12-25T18:35:21.09711+05:45"
